
Microsoft Visual Studio Solution File, Format Version 12.00
# Visual Studio Version 17
VisualStudioVersion = 17.9.34701.34
MinimumVisualStudioVersion = 10.0.40219.1
Project("{FAE04EC0-301F-11D3-BF4B-00C04F79EFBC}") = "Homework", "Homework\Homework.csproj", "{27E86B42-BF51-4CE6-BFAF-6327C715C55D}"
EndProject
Global
	GlobalSection(SolutionConfigurationPlatforms) = preSolution
		Debug|Any CPU = Debug|Any CPU
		Release|Any CPU = Release|Any CPU
	EndGlobalSection
	GlobalSection(ProjectConfigurationPlatforms) = postSolution
		{27E86B42-BF51-4CE6-BFAF-6327C715C55D}.Debug|Any CPU.ActiveCfg = Debug|Any CPU
		{27E86B42-BF51-4CE6-BFAF-6327C715C55D}.Debug|Any CPU.Build.0 = Debug|Any CPU
		{27E86B42-BF51-4CE6-BFAF-6327C715C55D}.Release|Any CPU.ActiveCfg = Release|Any CPU
		{27E86B42-BF51-4CE6-BFAF-6327C715C55D}.Release|Any CPU.Build.0 = Release|Any CPU
	EndGlobalSection
	GlobalSection(SolutionProperties) = preSolution
		HideSolutionNode = FALSE
	EndGlobalSection
	GlobalSection(ExtensibilityGlobals) = postSolution
		SolutionGuid = {014DAEAD-738D-4618-B55E-29FF1391A6E1}
	EndGlobalSection
EndGlobal
